# This file is generated by running "yarn install" inside your project.
# Manual changes might be lost - proceed with caution!

__metadata:
  version: 8
  cacheKey: 10c0

"chasse-au-tresor-gmilgram@workspace:.":
  version: 0.0.0-use.local
  resolution: "chasse-au-tresor-gmilgram@workspace:."
  languageName: unknown
  linkType: soft
